
Microsoft Visual Studio Solution File, Format Version 12.00
# Visual Studio Version 17
VisualStudioVersion = 17.14.36429.23
MinimumVisualStudioVersion = 10.0.40219.1
Project("{FAE04EC0-301F-11D3-BF4B-00C04F79EFBC}") = "HomeWork3", "HomeWork2\HomeWork3.csproj", "{47A0696E-BA32-4F07-B45E-171D131D0905}"
EndProject
Project("{FAE04EC0-301F-11D3-BF4B-00C04F79EFBC}") = "HomeWork1", "HomeWork1\HomeWork1.csproj", "{87BBFB34-44AC-3A73-14BF-490A730077C8}"
EndProject
Project("{FAE04EC0-301F-11D3-BF4B-00C04F79EFBC}") = "HomeWork4", "HomeWork4\HomeWork4.csproj", "{EC6E893E-13E8-4AC5-84A2-237142CE9857}"
EndProject
Project("{FAE04EC0-301F-11D3-BF4B-00C04F79EFBC}") = "HomeWork5", "HomeWork5\HomeWork5.csproj", "{5A2D225F-C26B-4F70-A127-256C95259AE3}"
EndProject
Global
	GlobalSection(SolutionConfigurationPlatforms) = preSolution
		Debug|Any CPU = Debug|Any CPU
		Release|Any CPU = Release|Any CPU
	EndGlobalSection
	GlobalSection(ProjectConfigurationPlatforms) = postSolution
		{47A0696E-BA32-4F07-B45E-171D131D0905}.Debug|Any CPU.ActiveCfg = Debug|Any CPU
		{47A0696E-BA32-4F07-B45E-171D131D0905}.Debug|Any CPU.Build.0 = Debug|Any CPU
		{47A0696E-BA32-4F07-B45E-171D131D0905}.Release|Any CPU.ActiveCfg = Release|Any CPU
		{47A0696E-BA32-4F07-B45E-171D131D0905}.Release|Any CPU.Build.0 = Release|Any CPU
		{87BBFB34-44AC-3A73-14BF-490A730077C8}.Debug|Any CPU.ActiveCfg = Debug|Any CPU
		{87BBFB34-44AC-3A73-14BF-490A730077C8}.Debug|Any CPU.Build.0 = Debug|Any CPU
		{87BBFB34-44AC-3A73-14BF-490A730077C8}.Release|Any CPU.ActiveCfg = Release|Any CPU
		{87BBFB34-44AC-3A73-14BF-490A730077C8}.Release|Any CPU.Build.0 = Release|Any CPU
		{EC6E893E-13E8-4AC5-84A2-237142CE9857}.Debug|Any CPU.ActiveCfg = Debug|Any CPU
		{EC6E893E-13E8-4AC5-84A2-237142CE9857}.Debug|Any CPU.Build.0 = Debug|Any CPU
		{EC6E893E-13E8-4AC5-84A2-237142CE9857}.Release|Any CPU.ActiveCfg = Release|Any CPU
		{EC6E893E-13E8-4AC5-84A2-237142CE9857}.Release|Any CPU.Build.0 = Release|Any CPU
		{5A2D225F-C26B-4F70-A127-256C95259AE3}.Debug|Any CPU.ActiveCfg = Debug|Any CPU
		{5A2D225F-C26B-4F70-A127-256C95259AE3}.Debug|Any CPU.Build.0 = Debug|Any CPU
		{5A2D225F-C26B-4F70-A127-256C95259AE3}.Release|Any CPU.ActiveCfg = Release|Any CPU
		{5A2D225F-C26B-4F70-A127-256C95259AE3}.Release|Any CPU.Build.0 = Release|Any CPU
	EndGlobalSection
	GlobalSection(SolutionProperties) = preSolution
		HideSolutionNode = FALSE
	EndGlobalSection
	GlobalSection(ExtensibilityGlobals) = postSolution
		SolutionGuid = {7ECDF47B-57E8-4DDF-9A0F-CEF3D04BE784}
	EndGlobalSection
EndGlobal
